PODS:
  - Alamofire (4.7.2)
  - IQKeyboardManagerSwift (6.0.2)
  - MJRefresh (3.1.15.3)
  - ObjectMapper (3.1.0)
  - SDWebImage (4.3.3):
    - SDWebImage/Core (= 4.3.3)
  - SDWebImage/Core (4.3.3)
  - SnapKit (4.0.0)
  - Toast (4.0.0)

DEPENDENCIES:
  - Alamofire
  - IQKeyboardManagerSwift
  - MJRefresh
  - ObjectMapper
  - SDWebImage
  - SnapKit
  - Toast

SPEC REPOS:
  https://github.com/CocoaPods/Specs.git:
    - Alamofire
    - IQKeyboardManagerSwift
    - MJRefresh
    - ObjectMapper
    - SDWebImage
    - SnapKit
    - Toast

SPEC CHECKSUMS:
  Alamofire: e4fa87002c137ba2d8d634d2c51fabcda0d5c223
  IQKeyboardManagerSwift: 59d4b0e140bc546c3c76ae5bb35b3dafd10b8172
  MJRefresh: b48380ae2b927b46c4ef000de9adb8dc748e1df7
  ObjectMapper: 20505058f54e5c3ca69e1d6de9897d152a5369a6
  SDWebImage: de4d90b5bff3571eae7bd16202b1f43135409fa5
  SnapKit: a42d492c16e80209130a3379f73596c3454b7694
  Toast: 91b396c56ee72a5790816f40d3a94dd357abc196

PODFILE CHECKSUM: d5c38575067e5ba1ebb589d209161b957ad96a5d

COCOAPODS: 1.5.0
